
Microsoft Visual Studio Solution File, Format Version 12.00
# Visual Studio Version 16
VisualStudioVersion = 16.0.32929.386
MinimumVisualStudioVersion = 10.0.40219.1
Project("{FAE04EC0-301F-11D3-BF4B-00C04F79EFBC}") = "WpfApp1", "WpfApp1\WpfApp1.csproj", "{23079F74-C9FC-4B1B-95F4-63B78C93BB68}"
EndProject
Global
	GlobalSection(SolutionConfigurationPlatforms) = preSolution
		Debug|Any CPU = Debug|Any CPU
		Release|Any CPU = Release|Any CPU
	EndGlobalSection
	GlobalSection(ProjectConfigurationPlatforms) = postSolution
		{23079F74-C9FC-4B1B-95F4-63B78C93BB68}.Debug|Any CPU.ActiveCfg = Debug|Any CPU
		{23079F74-C9FC-4B1B-95F4-63B78C93BB68}.Debug|Any CPU.Build.0 = Debug|Any CPU
		{23079F74-C9FC-4B1B-95F4-63B78C93BB68}.Release|Any CPU.ActiveCfg = Release|Any CPU
		{23079F74-C9FC-4B1B-95F4-63B78C93BB68}.Release|Any CPU.Build.0 = Release|Any CPU
	EndGlobalSection
	GlobalSection(SolutionProperties) = preSolution
		HideSolutionNode = FALSE
	EndGlobalSection
	GlobalSection(ExtensibilityGlobals) = postSolution
		SolutionGuid = {ECA9170C-D09B-4A5A-9BA0-1ECE2B7528E1}
	EndGlobalSection
EndGlobal
